// !$*UTF8*$!
{
	archiveVersion = 1;
	classes = {
	};
	objectVersion = 56;
	objects = {

/* Begin PBXBuildFile section */
		20341C5F2AB09AF400B421D3 /* AppDelegate.swift in Sources */ = {isa = PBXBuildFile; fileRef = 20341C5E2AB09AF400B421D3 /* AppDelegate.swift */; };
		20341C612AB09AF400B421D3 /* SceneDelegate.swift in Sources */ = {isa = PBXBuildFile; fileRef = 20341C602AB09AF400B421D3 /* SceneDelegate.swift */; };
		20341C632AB09AF400B421D3 /* MainTabBarController.swift in Sources */ = {isa = PBXBuildFile; fileRef = 20341C622AB09AF400B421D3 /* MainTabBarController.swift */; };
		20341C662AB09AF400B421D3 /* Main.storyboard in Resources */ = {isa = PBXBuildFile; fileRef = 20341C642AB09AF400B421D3 /* Main.storyboard */; };
		20341C682AB09AF500B421D3 /* Assets.xcassets in Resources */ = {isa = PBXBuildFile; fileRef = 20341C672AB09AF500B421D3 /* Assets.xcassets */; };
		20341C6B2AB09AF500B421D3 /* LaunchScreen.storyboard in Resources */ = {isa = PBXBuildFile; fileRef = 20341C692AB09AF500B421D3 /* LaunchScreen.storyboard */; };
		20341C752AB09BF000B421D3 /* HomeViewController.swift in Sources */ = {isa = PBXBuildFile; fileRef = 20341C742AB09BF000B421D3 /* HomeViewController.swift */; };
		20341C772AB09C0900B421D3 /* SearchViewController.swift in Sources */ = {isa = PBXBuildFile; fileRef = 20341C762AB09C0900B421D3 /* SearchViewController.swift */; };
		20341C792AB09C1800B421D3 /* NotificationsViewController.swift in Sources */ = {isa = PBXBuildFile; fileRef = 20341C782AB09C1800B421D3 /* NotificationsViewController.swift */; };
		20341C7B2AB09C2300B421D3 /* DirectMessagesViewController.swift in Sources */ = {isa = PBXBuildFile; fileRef = 20341C7A2AB09C2300B421D3 /* DirectMessagesViewController.swift */; };
		20341C7F2AB0A8BF00B421D3 /* TweetCell.swift in Sources */ = {isa = PBXBuildFile; fileRef = 20341C7E2AB0A8BF00B421D3 /* TweetCell.swift */; };
		20341C832AB0A91C00B421D3 /* TweetCell.xib in Resources */ = {isa = PBXBuildFile; fileRef = 20341C822AB0A91C00B421D3 /* TweetCell.xib */; };
		20341C852AB0B1DC00B421D3 /* Constants.swift in Sources */ = {isa = PBXBuildFile; fileRef = 20341C842AB0B1DC00B421D3 /* Constants.swift */; };
		20678A452ABC43EE00F0F3B9 /* ProfileViewController.swift in Sources */ = {isa = PBXBuildFile; fileRef = 20678A442ABC43EE00F0F3B9 /* ProfileViewController.swift */; };
/* End PBXBuildFile section */

/* Begin PBXFileReference section */
		20341C5B2AB09AF400B421D3 /* TwitterClone.app */ = {isa = PBXFileReference; explicitFileType = wrapper.application; includeInIndex = 0; path = TwitterClone.app; sourceTree = BUILT_PRODUCTS_DIR; };
		20341C5E2AB09AF400B421D3 /* AppDelegate.swift */ = {isa = PBXFileReference; lastKnownFileType = sourcecode.swift; path = AppDelegate.swift; sourceTree = "<group>"; };
		20341C602AB09AF400B421D3 /* SceneDelegate.swift */ = {isa = PBXFileReference; lastKnownFileType = sourcecode.swift; path = SceneDelegate.swift; sourceTree = "<group>"; };
		20341C622AB09AF400B421D3 /* MainTabBarController.swift */ = {isa = PBXFileReference; lastKnownFileType = sourcecode.swift; path = MainTabBarController.swift; sourceTree = "<group>"; };
		20341C652AB09AF400B421D3 /* Base */ = {isa = PBXFileReference; lastKnownFileType = file.storyboard; name = Base; path = Base.lproj/Main.storyboard; sourceTree = "<group>"; };
		20341C672AB09AF500B421D3 /* Assets.xcassets */ = {isa = PBXFileReference; lastKnownFileType = folder.assetcatalog; path = Assets.xcassets; sourceTree = "<group>"; };
		20341C6A2AB09AF500B421D3 /* Base */ = {isa = PBXFileReference; lastKnownFileType = file.storyboard; name = Base; path = Base.lproj/LaunchScreen.storyboard; sourceTree = "<group>"; };
		20341C6C2AB09AF500B421D3 /* Info.plist */ = {isa = PBXFileReference; lastKnownFileType = text.plist.xml; path = Info.plist; sourceTree = "<group>"; };
		20341C742AB09BF000B421D3 /* HomeViewController.swift */ = {isa = PBXFileReference; lastKnownFileType = sourcecode.swift; path = HomeViewController.swift; sourceTree = "<group>"; };
		20341C762AB09C0900B421D3 /* SearchViewController.swift */ = {isa = PBXFileReference; lastKnownFileType = sourcecode.swift; path = SearchViewController.swift; sourceTree = "<group>"; };
		20341C782AB09C1800B421D3 /* NotificationsViewController.swift */ = {isa = PBXFileReference; lastKnownFileType = sourcecode.swift; path = NotificationsViewController.swift; sourceTree = "<group>"; };
		20341C7A2AB09C2300B421D3 /* DirectMessagesViewController.swift */ = {isa = PBXFileReference; lastKnownFileType = sourcecode.swift; path = DirectMessagesViewController.swift; sourceTree = "<group>"; };
		20341C7E2AB0A8BF00B421D3 /* TweetCell.swift */ = {isa = PBXFileReference; lastKnownFileType = sourcecode.swift; path = TweetCell.swift; sourceTree = "<group>"; };
		20341C822AB0A91C00B421D3 /* TweetCell.xib */ = {isa = PBXFileReference; lastKnownFileType = file.xib; path = TweetCell.xib; sourceTree = "<group>"; };
		20341C842AB0B1DC00B421D3 /* Constants.swift */ = {isa = PBXFileReference; lastKnownFileType = sourcecode.swift; path = Constants.swift; sourceTree = "<group>"; };
		20678A442ABC43EE00F0F3B9 /* ProfileViewController.swift */ = {isa = PBXFileReference; lastKnownFileType = sourcecode.swift; path = ProfileViewController.swift; sourceTree = "<group>"; };
/* End PBXFileReference section */

/* Begin PBXFrameworksBuildPhase section */
		20341C582AB09AF400B421D3 /* Frameworks */ = {
			isa = PBXFrameworksBuildPhase;
			buildActionMask = 2147483647;
			files = (
			);
			runOnlyForDeploymentPostprocessing = 0;
		};
/* End PBXFrameworksBuildPhase section */

/* Begin PBXGroup section */
		20341C522AB09AF400B421D3 = {
			isa = PBXGroup;
			children = (
				20341C5D2AB09AF400B421D3 /* TwitterClone */,
				20341C5C2AB09AF400B421D3 /* Products */,
			);
			sourceTree = "<group>";
		};
		20341C5C2AB09AF400B421D3 /* Products */ = {
			isa = PBXGroup;
			children = (
				20341C5B2AB09AF400B421D3 /* TwitterClone.app */,
			);
			name = Products;
			sourceTree = "<group>";
		};
		20341C5D2AB09AF400B421D3 /* TwitterClone */ = {
			isa = PBXGroup;
			children = (
				20341C7D2AB09CA800B421D3 /* Models */,
				20341C7C2AB09C9C00B421D3 /* Views */,
				20341C722AB09BAE00B421D3 /* Controllers */,
				20341C5E2AB09AF400B421D3 /* AppDelegate.swift */,
				20341C602AB09AF400B421D3 /* SceneDelegate.swift */,
				20341C672AB09AF500B421D3 /* Assets.xcassets */,
				20341C692AB09AF500B421D3 /* LaunchScreen.storyboard */,
				20341C6C2AB09AF500B421D3 /* Info.plist */,
				20341C842AB0B1DC00B421D3 /* Constants.swift */,
			);
			path = TwitterClone;
			sourceTree = "<group>";
		};
		20341C722AB09BAE00B421D3 /* Controllers */ = {
			isa = PBXGroup;
			children = (
				20678A432ABC43BF00F0F3B9 /* General */,
				20341C732AB09BC400B421D3 /* Core */,
			);
			path = Controllers;
			sourceTree = "<group>";
		};
		20341C732AB09BC400B421D3 /* Core */ = {
			isa = PBXGroup;
			children = (
				20341C622AB09AF400B421D3 /* MainTabBarController.swift */,
				20341C742AB09BF000B421D3 /* HomeViewController.swift */,
				20341C762AB09C0900B421D3 /* SearchViewController.swift */,
				20341C782AB09C1800B421D3 /* NotificationsViewController.swift */,
				20341C7A2AB09C2300B421D3 /* DirectMessagesViewController.swift */,
			);
			path = Core;
			sourceTree = "<group>";
		};
		20341C7C2AB09C9C00B421D3 /* Views */ = {
			isa = PBXGroup;
			children = (
				20341C642AB09AF400B421D3 /* Main.storyboard */,
				20341C822AB0A91C00B421D3 /* TweetCell.xib */,
			);
			path = Views;
			sourceTree = "<group>";
		};
		20341C7D2AB09CA800B421D3 /* Models */ = {
			isa = PBXGroup;
			children = (
			);
			path = Models;
			sourceTree = "<group>";
		};
		20678A432ABC43BF00F0F3B9 /* General */ = {
			isa = PBXGroup;
			children = (
				20341C7E2AB0A8BF00B421D3 /* TweetCell.swift */,
				20678A442ABC43EE00F0F3B9 /* ProfileViewController.swift */,
			);
			path = General;
			sourceTree = "<group>";
		};
/* End PBXGroup section */

/* Begin PBXNativeTarget section */
		20341C5A2AB09AF400B421D3 /* TwitterClone */ = {
			isa = PBXNativeTarget;
			buildConfigurationList = 20341C6F2AB09AF500B421D3 /* Build configuration list for PBXNativeTarget "TwitterClone" */;
			buildPhases = (
				20341C572AB09AF400B421D3 /* Sources */,
				20341C582AB09AF400B421D3 /* Frameworks */,
				20341C592AB09AF400B421D3 /* Resources */,
			);
			buildRules = (
			);
			dependencies = (
			);
			name = TwitterClone;
			productName = TwitterClone;
			productReference = 20341C5B2AB09AF400B421D3 /* TwitterClone.app */;
			productType = "com.apple.product-type.application";
		};
/* End PBXNativeTarget section */

/* Begin PBXProject section */
		20341C532AB09AF400B421D3 /* Project object */ = {
			isa = PBXProject;
			attributes = {
				BuildIndependentTargetsInParallel = 1;
				LastSwiftUpdateCheck = 1430;
				LastUpgradeCheck = 1430;
				TargetAttributes = {
					20341C5A2AB09AF400B421D3 = {
						CreatedOnToolsVersion = 14.3.1;
					};
				};
			};
			buildConfigurationList = 20341C562AB09AF400B421D3 /* Build configuration list for PBXProject "TwitterClone" */;
			compatibilityVersion = "Xcode 14.0";
			developmentRegion = en;
			hasScannedForEncodings = 0;
			knownRegions = (
				en,
				Base,
			);
			mainGroup = 20341C522AB09AF400B421D3;
			productRefGroup = 20341C5C2AB09AF400B421D3 /* Products */;
			projectDirPath = "";
			projectRoot = "";
			targets = (
				20341C5A2AB09AF400B421D3 /* TwitterClone */,
			);
		};
/* End PBXProject section */

/* Begin PBXResourcesBuildPhase section */
		20341C592AB09AF400B421D3 /* Resources */ = {
			isa = PBXResourcesBuildPhase;
			buildActionMask = 2147483647;
			files = (
				20341C6B2AB09AF500B421D3 /* LaunchScreen.storyboard in Resources */,
				20341C682AB09AF500B421D3 /* Assets.xcassets in Resources */,
				20341C662AB09AF400B421D3 /* Main.storyboard in Resources */,
				20341C832AB0A91C00B421D3 /* TweetCell.xib in Resources */,
			);
			runOnlyForDeploymentPostprocessing = 0;
		};
/* End PBXResourcesBuildPhase section */

/* Begin PBXSourcesBuildPhase section */
		20341C572AB09AF400B421D3 /* Sources */ = {
			isa = PBXSourcesBuildPhase;
			buildActionMask = 2147483647;
			files = (
				20341C772AB09C0900B421D3 /* SearchViewController.swift in Sources */,
				20341C632AB09AF400B421D3 /* MainTabBarController.swift in Sources */,
				20678A452ABC43EE00F0F3B9 /* ProfileViewController.swift in Sources */,
				20341C5F2AB09AF400B421D3 /* AppDelegate.swift in Sources */,
				20341C7F2AB0A8BF00B421D3 /* TweetCell.swift in Sources */,
				20341C792AB09C1800B421D3 /* NotificationsViewController.swift in Sources */,
				20341C612AB09AF400B421D3 /* SceneDelegate.swift in Sources */,
				20341C752AB09BF000B421D3 /* HomeViewController.swift in Sources */,
				20341C7B2AB09C2300B421D3 /* DirectMessagesViewController.swift in Sources */,
				20341C852AB0B1DC00B421D3 /* Constants.swift in Sources */,
			);
			runOnlyForDeploymentPostprocessing = 0;
		};
/* End PBXSourcesBuildPhase section */

/* Begin PBXVariantGroup section */
		20341C642AB09AF400B421D3 /* Main.storyboard */ = {
			isa = PBXVariantGroup;
			children = (
				20341C652AB09AF400B421D3 /* Base */,
			);
			name = Main.storyboard;
			sourceTree = "<group>";
		};
		20341C692AB09AF500B421D3 /* LaunchScreen.storyboard */ = {
			isa = PBXVariantGroup;
			children = (
				20341C6A2AB09AF500B421D3 /* Base */,
			);
			name = LaunchScreen.storyboard;
			sourceTree = "<group>";
		};
/* End PBXVariantGroup section */

/* Begin XCBuildConfiguration section */
		20341C6D2AB09AF500B421D3 /* Debug */ = {
			isa = XCBuildConfiguration;
			buildSettings = {
				ALWAYS_SEARCH_USER_PATHS = NO;
				CLANG_ANALYZER_NONNULL = YES;
				CLANG_ANALYZER_NUMBER_OBJECT_CONVERSION = YES_AGGRESSIVE;
				CLANG_CXX_LANGUAGE_STANDARD = "gnu++20";
				CLANG_ENABLE_MODULES = YES;
				CLANG_ENABLE_OBJC_ARC = YES;
				CLANG_ENABLE_OBJC_WEAK = YES;
				CLANG_WARN_BLOCK_CAPTURE_AUTORELEASING = YES;
				CLANG_WARN_BOOL_CONVERSION = YES;
				CLANG_WARN_COMMA = YES;
				CLANG_WARN_CONSTANT_CONVERSION = YES;
				CLANG_WARN_DEPRECATED_OBJC_IMPLEMENTATIONS = YES;
				CLANG_WARN_DIRECT_OBJC_ISA_USAGE = YES_ERROR;
				CLANG_WARN_DOCUMENTATION_COMMENTS = YES;
				CLANG_WARN_EMPTY_BODY = YES;
				CLANG_WARN_ENUM_CONVERSION = YES;
				CLANG_WARN_INFINITE_RECURSION = YES;
				CLANG_WARN_INT_CONVERSION = YES;
				CLANG_WARN_NON_LITERAL_NULL_CONVERSION = YES;
				CLANG_WARN_OBJC_IMPLICIT_RETAIN_SELF = YES;
				CLANG_WARN_OBJC_LITERAL_CONVERSION = YES;
				CLANG_WARN_OBJC_ROOT_CLASS = YES_ERROR;
				CLANG_WARN_QUOTED_INCLUDE_IN_FRAMEWORK_HEADER = YES;
				CLANG_WARN_RANGE_LOOP_ANALYSIS = YES;
				CLANG_WARN_STRICT_PROTOTYPES = YES;
				CLANG_WARN_SUSPICIOUS_MOVE = YES;
				CLANG_WARN_UNGUARDED_AVAILABILITY = YES_AGGRESSIVE;
				CLANG_WARN_UNREACHABLE_CODE = YES;
				CLANG_WARN__DUPLICATE_METHOD_MATCH = YES;
				COPY_PHASE_STRIP = NO;
				DEBUG_INFORMATION_FORMAT = dwarf;
				ENABLE_STRICT_OBJC_MSGSEND = YES;
				ENABLE_TESTABILITY = YES;
				GCC_C_LANGUAGE_STANDARD = gnu11;
				GCC_DYNAMIC_NO_PIC = NO;
				GCC_NO_COMMON_BLOCKS = YES;
				GCC_OPTIMIZATION_LEVEL = 0;
				GCC_PREPROCESSOR_DEFINITIONS = (
					"DEBUG=1",
					"$(inherited)",
				);
				GCC_WARN_64_TO_32_BIT_CONVERSION = YES;
				GCC_WARN_ABOUT_RETURN_TYPE = YES_ERROR;
				GCC_WARN_UNDECLARED_SELECTOR = YES;
				GCC_WARN_UNINITIALIZED_AUTOS = YES_AGGRESSIVE;
				GCC_WARN_UNUSED_FUNCTION = YES;
				GCC_WARN_UNUSED_VARIABLE = YES;
				IPHONEOS_DEPLOYMENT_TARGET = 16.4;
				MTL_ENABLE_DEBUG_INFO = INCLUDE_SOURCE;
				MTL_FAST_MATH = YES;
				ONLY_ACTIVE_ARCH = YES;
				SDKROOT = iphoneos;
				SWIFT_ACTIVE_COMPILATION_CONDITIONS = DEBUG;
				SWIFT_OPTIMIZATION_LEVEL = "-Onone";
			};
			name = Debug;
		};
		20341C6E2AB09AF500B421D3 /* Release */ = {
			isa = XCBuildConfiguration;
			buildSettings = {
				ALWAYS_SEARCH_USER_PATHS = NO;
				CLANG_ANALYZER_NONNULL = YES;
				CLANG_ANALYZER_NUMBER_OBJECT_CONVERSION = YES_AGGRESSIVE;
				CLANG_CXX_LANGUAGE_STANDARD = "gnu++20";
				CLANG_ENABLE_MODULES = YES;
				CLANG_ENABLE_OBJC_ARC = YES;
				CLANG_ENABLE_OBJC_WEAK = YES;
				CLANG_WARN_BLOCK_CAPTURE_AUTORELEASING = YES;
				CLANG_WARN_BOOL_CONVERSION = YES;
				CLANG_WARN_COMMA = YES;
				CLANG_WARN_CONSTANT_CONVERSION = YES;
				CLANG_WARN_DEPRECATED_OBJC_IMPLEMENTATIONS = YES;
				CLANG_WARN_DIRECT_OBJC_ISA_USAGE = YES_ERROR;
				CLANG_WARN_DOCUMENTATION_COMMENTS = YES;
				CLANG_WARN_EMPTY_BODY = YES;
				CLANG_WARN_ENUM_CONVERSION = YES;
				CLANG_WARN_INFINITE_RECURSION = YES;
				CLANG_WARN_INT_CONVERSION = YES;
				CLANG_WARN_NON_LITERAL_NULL_CONVERSION = YES;
				CLANG_WARN_OBJC_IMPLICIT_RETAIN_SELF = YES;
				CLANG_WARN_OBJC_LITERAL_CONVERSION = YES;
				CLANG_WARN_OBJC_ROOT_CLASS = YES_ERROR;
				CLANG_WARN_QUOTED_INCLUDE_IN_FRAMEWORK_HEADER = YES;
				CLANG_WARN_RANGE_LOOP_ANALYSIS = YES;
				CLANG_WARN_STRICT_PROTOTYPES = YES;
				CLANG_WARN_SUSPICIOUS_MOVE = YES;
				CLANG_WARN_UNGUARDED_AVAILABILITY = YES_AGGRESSIVE;
				CLANG_WARN_UNREACHABLE_CODE = YES;
				CLANG_WARN__DUPLICATE_METHOD_MATCH = YES;
				COPY_PHASE_STRIP = NO;
				DEBUG_INFORMATION_FORMAT = "dwarf-with-dsym";
				ENABLE_NS_ASSERTIONS = NO;
				ENABLE_STRICT_OBJC_MSGSEND = YES;
				GCC_C_LANGUAGE_STANDARD = gnu11;
				GCC_NO_COMMON_BLOCKS = YES;
				GCC_WARN_64_TO_32_BIT_CONVERSION = YES;
				GCC_WARN_ABOUT_RETURN_TYPE = YES_ERROR;
				GCC_WARN_UNDECLARED_SELECTOR = YES;
				GCC_WARN_UNINITIALIZED_AUTOS = YES_AGGRESSIVE;
				GCC_WARN_UNUSED_FUNCTION = YES;
				GCC_WARN_UNUSED_VARIABLE = YES;
				IPHONEOS_DEPLOYMENT_TARGET = 16.4;
				MTL_ENABLE_DEBUG_INFO = NO;
				MTL_FAST_MATH = YES;
				SDKROOT = iphoneos;
				SWIFT_COMPILATION_MODE = wholemodule;
				SWIFT_OPTIMIZATION_LEVEL = "-O";
				VALIDATE_PRODUCT = YES;
			};
			name = Release;
		};
		20341C702AB09AF500B421D3 /* Debug */ = {
			isa = XCBuildConfiguration;
			buildSettings = {
				ASSETCATALOG_COMPILER_APPICON_NAME = AppIcon;
				ASSETCATALOG_COMPILER_GLOBAL_ACCENT_COLOR_NAME = AccentColor;
				CODE_SIGN_STYLE = Automatic;
				CURRENT_PROJECT_VERSION = 1;
				DEVELOPMENT_TEAM = WV24CA25AX;
				GENERATE_INFOPLIST_FILE = YES;
				INFOPLIST_FILE = TwitterClone/Info.plist;
				INFOPLIST_KEY_UIApplicationSupportsIndirectInputEvents = YES;
				INFOPLIST_KEY_UILaunchStoryboardName = LaunchScreen;
				INFOPLIST_KEY_UIMainStoryboardFile = Main;
				INFOPLIST_KEY_UISupportedInterfaceOrientations_iPad = "UIInterfaceOrientationPortrait UIInterfaceOrientationPortraitUpsideDown UIInterfaceOrientationLandscapeLeft UIInterfaceOrientationLandscapeRight";
				INFOPLIST_KEY_UISupportedInterfaceOrientations_iPhone = "UIInterfaceOrientationPortrait UIInterfaceOrientationLandscapeLeft UIInterfaceOrientationLandscapeRight";
				LD_RUNPATH_SEARCH_PATHS = (
					"$(inherited)",
					"@executable_path/Frameworks",
				);
				MARKETING_VERSION = 1.0;
				PRODUCT_BUNDLE_IDENTIFIER = com.mohamedhany.TwitterClone;
				PRODUCT_NAME = "$(TARGET_NAME)";
				SWIFT_EMIT_LOC_STRINGS = YES;
				SWIFT_VERSION = 5.0;
				TARGETED_DEVICE_FAMILY = "1,2";
			};
			name = Debug;
		};
		20341C712AB09AF500B421D3 /* Release */ = {
			isa = XCBuildConfiguration;
			buildSettings = {
				ASSETCATALOG_COMPILER_APPICON_NAME = AppIcon;
				ASSETCATALOG_COMPILER_GLOBAL_ACCENT_COLOR_NAME = AccentColor;
				CODE_SIGN_STYLE = Automatic;
				CURRENT_PROJECT_VERSION = 1;
				DEVELOPMENT_TEAM = WV24CA25AX;
				GENERATE_INFOPLIST_FILE = YES;
				INFOPLIST_FILE = TwitterClone/Info.plist;
				INFOPLIST_KEY_UIApplicationSupportsIndirectInputEvents = YES;
				INFOPLIST_KEY_UILaunchStoryboardName = LaunchScreen;
				INFOPLIST_KEY_UIMainStoryboardFile = Main;
				INFOPLIST_KEY_UISupportedInterfaceOrientations_iPad = "UIInterfaceOrientationPortrait UIInterfaceOrientationPortraitUpsideDown UIInterfaceOrientationLandscapeLeft UIInterfaceOrientationLandscapeRight";
				INFOPLIST_KEY_UISupportedInterfaceOrientations_iPhone = "UIInterfaceOrientationPortrait UIInterfaceOrientationLandscapeLeft UIInterfaceOrientationLandscapeRight";
				LD_RUNPATH_SEARCH_PATHS = (
					"$(inherited)",
					"@executable_path/Frameworks",
				);
				MARKETING_VERSION = 1.0;
				PRODUCT_BUNDLE_IDENTIFIER = com.mohamedhany.TwitterClone;
				PRODUCT_NAME = "$(TARGET_NAME)";
				SWIFT_EMIT_LOC_STRINGS = YES;
				SWIFT_VERSION = 5.0;
				TARGETED_DEVICE_FAMILY = "1,2";
			};
			name = Release;
		};
/* End XCBuildConfiguration section */

/* Begin XCConfigurationList section */
		20341C562AB09AF400B421D3 /* Build configuration list for PBXProject "TwitterClone" */ = {
			isa = XCConfigurationList;
			buildConfigurations = (
				20341C6D2AB09AF500B421D3 /* Debug */,
				20341C6E2AB09AF500B421D3 /* Release */,
			);
			defaultConfigurationIsVisible = 0;
			defaultConfigurationName = Release;
		};
		20341C6F2AB09AF500B421D3 /* Build configuration list for PBXNativeTarget "TwitterClone" */ = {
			isa = XCConfigurationList;
			buildConfigurations = (
				20341C702AB09AF500B421D3 /* Debug */,
				20341C712AB09AF500B421D3 /* Release */,
			);
			defaultConfigurationIsVisible = 0;
			defaultConfigurationName = Release;
		};
/* End XCConfigurationList section */
	};
	rootObject = 20341C532AB09AF400B421D3 /* Project object */;
}
